
Microsoft Visual Studio Solution File, Format Version 12.00
# Visual Studio 15
VisualStudioVersion = 15.0.27130.0
MinimumVisualStudioVersion = 10.0.40219.1
Project("{FAE04EC0-301F-11D3-BF4B-00C04F79EFBC}") = "in-class-demo", "in-class-demo.csproj", "{DE7903F5-2C51-4212-8525-DC2A68FC2D39}"
EndProject
Global
	GlobalSection(SolutionConfigurationPlatforms) = preSolution
		Debug|Any CPU = Debug|Any CPU
		Release|Any CPU = Release|Any CPU
	EndGlobalSection
	GlobalSection(ProjectConfigurationPlatforms) = postSolution
		{DE7903F5-2C51-4212-8525-DC2A68FC2D39}.Debug|Any CPU.ActiveCfg = Debug|Any CPU
		{DE7903F5-2C51-4212-8525-DC2A68FC2D39}.Debug|Any CPU.Build.0 = Debug|Any CPU
		{DE7903F5-2C51-4212-8525-DC2A68FC2D39}.Release|Any CPU.ActiveCfg = Release|Any CPU
		{DE7903F5-2C51-4212-8525-DC2A68FC2D39}.Release|Any CPU.Build.0 = Release|Any CPU
	EndGlobalSection
	GlobalSection(SolutionProperties) = preSolution
		HideSolutionNode = FALSE
	EndGlobalSection
	GlobalSection(ExtensibilityGlobals) = postSolution
		SolutionGuid = {BFB2269D-198B-44EE-B337-E6E91383BF1D}
	EndGlobalSection
EndGlobal
